# This file was autogenerated by Stack.
# You should not edit this file by hand.
# For more information, please see the documentation at:
#   https://docs.haskellstack.org/en/stable/lock_files

packages:
- completed:
    name: prosumma
    pantry-tree:
      sha256: 9e1907c81d8fd742c9d78d14e5c24e01eaab8ecb2e3bbf15fb92a42062e2f0a2
      size: 2662
    sha256: 379d5684b714eed4b9d01053181bab0affa5823ee0cc00b41aad36c8275bdd6e
    size: 30537
    url: https://github.com/Prosumma/hs-prosumma/archive/ed79ba9f03a84895048319fd574c68d857570436.tar.gz
    version: 1.0.0.0
  original:
    url: https://github.com/Prosumma/hs-prosumma/archive/ed79ba9f03a84895048319fd574c68d857570436.tar.gz
- completed:
    name: triplesec
    pantry-tree:
      sha256: 6373e387323d7fabca9d523ad0880e21c75ba3f4d478c97f5f5fd16aaa4bd791
      size: 1203
    sha256: cbc0d9acb9b61b1e99c50225c0cb89f27091a7d36741df82c6e559a622db2bec
    size: 15579
    url: https://github.com/SamProtas/hs-triplesec/archive/82c08710429e50a99bbe340e4471e410b15aa81b.tar.gz
    version: 0.2.2.1
  original:
    url: https://github.com/SamProtas/hs-triplesec/archive/82c08710429e50a99bbe340e4471e410b15aa81b.tar.gz
snapshots:
- completed:
    sha256: 53a2800f7fe0c4628af0e7d5e985707dd3af9863ac3983a43c835dbaa8ed5f35
    size: 714094
    url: https://raw.githubusercontent.com/commercialhaskell/stackage-snapshots/master/lts/22/3.yaml
  original: lts-22.3
